
Microsoft Visual Studio Solution File, Format Version 10.00
# Visual Studio 2008
Project("{8BC9CEB8-8B4A-11D0-8D11-00A0C91BC942}") = "Tomaszewski_Janusz", "Tomaszewski_Janusz.vcproj", "{9DEC677F-0D7D-4DD9-8721-F31AB419470D}"
EndProject
Global
	GlobalSection(SolutionConfigurationPlatforms) = preSolution
		Debug|Win32 = Debug|Win32
		Release|Win32 = Release|Win32
	EndGlobalSection
	GlobalSection(ProjectConfigurationPlatforms) = postSolution
		{9DEC677F-0D7D-4DD9-8721-F31AB419470D}.Debug|Win32.ActiveCfg = Debug|Win32
		{9DEC677F-0D7D-4DD9-8721-F31AB419470D}.Debug|Win32.Build.0 = Debug|Win32
		{9DEC677F-0D7D-4DD9-8721-F31AB419470D}.Release|Win32.ActiveCfg = Release|Win32
		{9DEC677F-0D7D-4DD9-8721-F31AB419470D}.Release|Win32.Build.0 = Release|Win32
	EndGlobalSection
	GlobalSection(SolutionProperties) = preSolution
		HideSolutionNode = FALSE
	EndGlobalSection
EndGlobal
